
Microsoft Visual Studio Solution File, Format Version 12.00
# Visual Studio Version 17
VisualStudioVersion = 17.0.31903.59
MinimumVisualStudioVersion = 10.0.40219.1
Project("{2150E333-8FDC-42A3-9474-1A3956D46DE8}") = "Tuan01", "Tuan01", "{0C4F8F98-1D8C-A32A-CEB4-5D43268B28F8}"
EndProject
Project("{2150E333-8FDC-42A3-9474-1A3956D46DE8}") = "Lab01", "Lab01", "{B91630AA-17F9-D70F-5854-2D192B312ECC}"
EndProject
Project("{FAE04EC0-301F-11D3-BF4B-00C04F79EFBC}") = "Lab01Prj", "Tuan01\Lab01\Lab01Prj\Lab01Prj.csproj", "{33945E46-AF8E-479F-A0E6-18F8CAC35463}"
EndProject
Project("{2150E333-8FDC-42A3-9474-1A3956D46DE8}") = "ThucHanh", "ThucHanh", "{1CE53927-B2B4-7B11-CBC1-F7CA6035A5BF}"
EndProject
Project("{2150E333-8FDC-42A3-9474-1A3956D46DE8}") = "NNLTCsharpC4", "NNLTCsharpC4", "{D30FA6F4-C903-054C-6012-F08FB7D10764}"
EndProject
Project("{FAE04EC0-301F-11D3-BF4B-00C04F79EFBC}") = "Buoi01Prj", "Tuan01\ThucHanh\NNLTCsharpC4\Buoi01Prj\Buoi01Prj.csproj", "{BF884948-1AA7-4780-AFD2-2D0BF924200D}"
EndProject
Project("{FAE04EC0-301F-11D3-BF4B-00C04F79EFBC}") = "MyLib", "Tuan01\ThucHanh\NNLTCsharpC4\MyLib\MyLib.csproj", "{B236E463-A102-44A4-B475-759311E9693C}"
EndProject
Project("{FAE04EC0-301F-11D3-BF4B-00C04F79EFBC}") = "MyLib.Tests", "Tuan01\ThucHanh\NNLTCsharpC4\MyLib.Tests\MyLib.Tests.csproj", "{EC06DA5E-DBCB-46EC-B1F4-5341B5092101}"
EndProject
Project("{2150E333-8FDC-42A3-9474-1A3956D46DE8}") = "Tuan02", "Tuan02", "{6C3E7805-4E31-B51E-D61E-1CE12ABD4A0A}"
EndProject
Project("{2150E333-8FDC-42A3-9474-1A3956D46DE8}") = "Lab02", "Lab02", "{34FCC36A-0211-2934-C3D8-28BE5E3C1A6A}"
EndProject
Project("{FAE04EC0-301F-11D3-BF4B-00C04F79EFBC}") = "Lab01Prj", "Tuan02\Lab02\Lab01Prj\Lab01Prj.csproj", "{19DE68D5-ED85-441B-B6CE-947DF41F6F6D}"
EndProject
Project("{FAE04EC0-301F-11D3-BF4B-00C04F79EFBC}") = "Lab02Prj", "Tuan02\Lab02\Lab02Prj\Lab02Prj.csproj", "{608E9A07-34F6-44C7-BB19-4214A5F1872E}"
EndProject
Project("{2150E333-8FDC-42A3-9474-1A3956D46DE8}") = "Tuan03", "Tuan03", "{8300656F-623A-585B-BFB8-52239BD73D51}"
EndProject
Project("{2150E333-8FDC-42A3-9474-1A3956D46DE8}") = "Lab03", "Lab03", "{84AC056A-D6D9-B797-4AF4-EC89C66DBF5E}"
EndProject
Project("{FAE04EC0-301F-11D3-BF4B-00C04F79EFBC}") = "BaiThucHanhLINQ", "Tuan03\Lab03\BaiThucHanhLINQ\BaiThucHanhLINQ.csproj", "{AF6C67C4-CC99-4F29-A26A-9A2F190DD896}"
EndProject
Project("{2150E333-8FDC-42A3-9474-1A3956D46DE8}") = "Tuan04", "Tuan04", "{D07C895E-20A6-0CB7-E9EA-2BBD0F6E483A}"
EndProject
Project("{2150E333-8FDC-42A3-9474-1A3956D46DE8}") = "Lab04", "Lab04", "{C088DB75-0CCF-7D52-D610-D2D084F53346}"
EndProject
Project("{FAE04EC0-301F-11D3-BF4B-00C04F79EFBC}") = "Lab04Prj", "Tuan04\Lab04\Lab04Prj\Lab04Prj.csproj", "{58811C57-F1FD-4EB4-8DBC-CF45422D1EC2}"
EndProject
Global
	GlobalSection(SolutionConfigurationPlatforms) = preSolution
		Debug|Any CPU = Debug|Any CPU
		Debug|x64 = Debug|x64
		Debug|x86 = Debug|x86
		Release|Any CPU = Release|Any CPU
		Release|x64 = Release|x64
		Release|x86 = Release|x86
	EndGlobalSection
	GlobalSection(ProjectConfigurationPlatforms) = postSolution
		{33945E46-AF8E-479F-A0E6-18F8CAC35463}.Debug|Any CPU.ActiveCfg = Debug|Any CPU
		{33945E46-AF8E-479F-A0E6-18F8CAC35463}.Debug|Any CPU.Build.0 = Debug|Any CPU
		{33945E46-AF8E-479F-A0E6-18F8CAC35463}.Debug|x64.ActiveCfg = Debug|Any CPU
		{33945E46-AF8E-479F-A0E6-18F8CAC35463}.Debug|x64.Build.0 = Debug|Any CPU
		{33945E46-AF8E-479F-A0E6-18F8CAC35463}.Debug|x86.ActiveCfg = Debug|Any CPU
		{33945E46-AF8E-479F-A0E6-18F8CAC35463}.Debug|x86.Build.0 = Debug|Any CPU
		{33945E46-AF8E-479F-A0E6-18F8CAC35463}.Release|Any CPU.ActiveCfg = Release|Any CPU
		{33945E46-AF8E-479F-A0E6-18F8CAC35463}.Release|Any CPU.Build.0 = Release|Any CPU
		{33945E46-AF8E-479F-A0E6-18F8CAC35463}.Release|x64.ActiveCfg = Release|Any CPU
		{33945E46-AF8E-479F-A0E6-18F8CAC35463}.Release|x64.Build.0 = Release|Any CPU
		{33945E46-AF8E-479F-A0E6-18F8CAC35463}.Release|x86.ActiveCfg = Release|Any CPU
		{33945E46-AF8E-479F-A0E6-18F8CAC35463}.Release|x86.Build.0 = Release|Any CPU
		{BF884948-1AA7-4780-AFD2-2D0BF924200D}.Debug|Any CPU.ActiveCfg = Debug|Any CPU
		{BF884948-1AA7-4780-AFD2-2D0BF924200D}.Debug|Any CPU.Build.0 = Debug|Any CPU
		{BF884948-1AA7-4780-AFD2-2D0BF924200D}.Debug|x64.ActiveCfg = Debug|Any CPU
		{BF884948-1AA7-4780-AFD2-2D0BF924200D}.Debug|x64.Build.0 = Debug|Any CPU
		{BF884948-1AA7-4780-AFD2-2D0BF924200D}.Debug|x86.ActiveCfg = Debug|Any CPU
		{BF884948-1AA7-4780-AFD2-2D0BF924200D}.Debug|x86.Build.0 = Debug|Any CPU
		{BF884948-1AA7-4780-AFD2-2D0BF924200D}.Release|Any CPU.ActiveCfg = Release|Any CPU
		{BF884948-1AA7-4780-AFD2-2D0BF924200D}.Release|Any CPU.Build.0 = Release|Any CPU
		{BF884948-1AA7-4780-AFD2-2D0BF924200D}.Release|x64.ActiveCfg = Release|Any CPU
		{BF884948-1AA7-4780-AFD2-2D0BF924200D}.Release|x64.Build.0 = Release|Any CPU
		{BF884948-1AA7-4780-AFD2-2D0BF924200D}.Release|x86.ActiveCfg = Release|Any CPU
		{BF884948-1AA7-4780-AFD2-2D0BF924200D}.Release|x86.Build.0 = Release|Any CPU
		{B236E463-A102-44A4-B475-759311E9693C}.Debug|Any CPU.ActiveCfg = Debug|Any CPU
		{B236E463-A102-44A4-B475-759311E9693C}.Debug|Any CPU.Build.0 = Debug|Any CPU
		{B236E463-A102-44A4-B475-759311E9693C}.Debug|x64.ActiveCfg = Debug|Any CPU
		{B236E463-A102-44A4-B475-759311E9693C}.Debug|x64.Build.0 = Debug|Any CPU
		{B236E463-A102-44A4-B475-759311E9693C}.Debug|x86.ActiveCfg = Debug|Any CPU
		{B236E463-A102-44A4-B475-759311E9693C}.Debug|x86.Build.0 = Debug|Any CPU
		{B236E463-A102-44A4-B475-759311E9693C}.Release|Any CPU.ActiveCfg = Release|Any CPU
		{B236E463-A102-44A4-B475-759311E9693C}.Release|Any CPU.Build.0 = Release|Any CPU
		{B236E463-A102-44A4-B475-759311E9693C}.Release|x64.ActiveCfg = Release|Any CPU
		{B236E463-A102-44A4-B475-759311E9693C}.Release|x64.Build.0 = Release|Any CPU
		{B236E463-A102-44A4-B475-759311E9693C}.Release|x86.ActiveCfg = Release|Any CPU
		{B236E463-A102-44A4-B475-759311E9693C}.Release|x86.Build.0 = Release|Any CPU
		{EC06DA5E-DBCB-46EC-B1F4-5341B5092101}.Debug|Any CPU.ActiveCfg = Debug|Any CPU
		{EC06DA5E-DBCB-46EC-B1F4-5341B5092101}.Debug|Any CPU.Build.0 = Debug|Any CPU
		{EC06DA5E-DBCB-46EC-B1F4-5341B5092101}.Debug|x64.ActiveCfg = Debug|Any CPU
		{EC06DA5E-DBCB-46EC-B1F4-5341B5092101}.Debug|x64.Build.0 = Debug|Any CPU
		{EC06DA5E-DBCB-46EC-B1F4-5341B5092101}.Debug|x86.ActiveCfg = Debug|Any CPU
		{EC06DA5E-DBCB-46EC-B1F4-5341B5092101}.Debug|x86.Build.0 = Debug|Any CPU
		{EC06DA5E-DBCB-46EC-B1F4-5341B5092101}.Release|Any CPU.ActiveCfg = Release|Any CPU
		{EC06DA5E-DBCB-46EC-B1F4-5341B5092101}.Release|Any CPU.Build.0 = Release|Any CPU
		{EC06DA5E-DBCB-46EC-B1F4-5341B5092101}.Release|x64.ActiveCfg = Release|Any CPU
		{EC06DA5E-DBCB-46EC-B1F4-5341B5092101}.Release|x64.Build.0 = Release|Any CPU
		{EC06DA5E-DBCB-46EC-B1F4-5341B5092101}.Release|x86.ActiveCfg = Release|Any CPU
		{EC06DA5E-DBCB-46EC-B1F4-5341B5092101}.Release|x86.Build.0 = Release|Any CPU
		{19DE68D5-ED85-441B-B6CE-947DF41F6F6D}.Debug|Any CPU.ActiveCfg = Debug|Any CPU
		{19DE68D5-ED85-441B-B6CE-947DF41F6F6D}.Debug|Any CPU.Build.0 = Debug|Any CPU
		{19DE68D5-ED85-441B-B6CE-947DF41F6F6D}.Debug|x64.ActiveCfg = Debug|Any CPU
		{19DE68D5-ED85-441B-B6CE-947DF41F6F6D}.Debug|x64.Build.0 = Debug|Any CPU
		{19DE68D5-ED85-441B-B6CE-947DF41F6F6D}.Debug|x86.ActiveCfg = Debug|Any CPU
		{19DE68D5-ED85-441B-B6CE-947DF41F6F6D}.Debug|x86.Build.0 = Debug|Any CPU
		{19DE68D5-ED85-441B-B6CE-947DF41F6F6D}.Release|Any CPU.ActiveCfg = Release|Any CPU
		{19DE68D5-ED85-441B-B6CE-947DF41F6F6D}.Release|Any CPU.Build.0 = Release|Any CPU
		{19DE68D5-ED85-441B-B6CE-947DF41F6F6D}.Release|x64.ActiveCfg = Release|Any CPU
		{19DE68D5-ED85-441B-B6CE-947DF41F6F6D}.Release|x64.Build.0 = Release|Any CPU
		{19DE68D5-ED85-441B-B6CE-947DF41F6F6D}.Release|x86.ActiveCfg = Release|Any CPU
		{19DE68D5-ED85-441B-B6CE-947DF41F6F6D}.Release|x86.Build.0 = Release|Any CPU
		{608E9A07-34F6-44C7-BB19-4214A5F1872E}.Debug|Any CPU.ActiveCfg = Debug|Any CPU
		{608E9A07-34F6-44C7-BB19-4214A5F1872E}.Debug|Any CPU.Build.0 = Debug|Any CPU
		{608E9A07-34F6-44C7-BB19-4214A5F1872E}.Debug|x64.ActiveCfg = Debug|Any CPU
		{608E9A07-34F6-44C7-BB19-4214A5F1872E}.Debug|x64.Build.0 = Debug|Any CPU
		{608E9A07-34F6-44C7-BB19-4214A5F1872E}.Debug|x86.ActiveCfg = Debug|Any CPU
		{608E9A07-34F6-44C7-BB19-4214A5F1872E}.Debug|x86.Build.0 = Debug|Any CPU
		{608E9A07-34F6-44C7-BB19-4214A5F1872E}.Release|Any CPU.ActiveCfg = Release|Any CPU
		{608E9A07-34F6-44C7-BB19-4214A5F1872E}.Release|Any CPU.Build.0 = Release|Any CPU
		{608E9A07-34F6-44C7-BB19-4214A5F1872E}.Release|x64.ActiveCfg = Release|Any CPU
		{608E9A07-34F6-44C7-BB19-4214A5F1872E}.Release|x64.Build.0 = Release|Any CPU
		{608E9A07-34F6-44C7-BB19-4214A5F1872E}.Release|x86.ActiveCfg = Release|Any CPU
		{608E9A07-34F6-44C7-BB19-4214A5F1872E}.Release|x86.Build.0 = Release|Any CPU
		{AF6C67C4-CC99-4F29-A26A-9A2F190DD896}.Debug|Any CPU.ActiveCfg = Debug|Any CPU
		{AF6C67C4-CC99-4F29-A26A-9A2F190DD896}.Debug|Any CPU.Build.0 = Debug|Any CPU
		{AF6C67C4-CC99-4F29-A26A-9A2F190DD896}.Debug|x64.ActiveCfg = Debug|Any CPU
		{AF6C67C4-CC99-4F29-A26A-9A2F190DD896}.Debug|x64.Build.0 = Debug|Any CPU
		{AF6C67C4-CC99-4F29-A26A-9A2F190DD896}.Debug|x86.ActiveCfg = Debug|Any CPU
		{AF6C67C4-CC99-4F29-A26A-9A2F190DD896}.Debug|x86.Build.0 = Debug|Any CPU
		{AF6C67C4-CC99-4F29-A26A-9A2F190DD896}.Release|Any CPU.ActiveCfg = Release|Any CPU
		{AF6C67C4-CC99-4F29-A26A-9A2F190DD896}.Release|Any CPU.Build.0 = Release|Any CPU
		{AF6C67C4-CC99-4F29-A26A-9A2F190DD896}.Release|x64.ActiveCfg = Release|Any CPU
		{AF6C67C4-CC99-4F29-A26A-9A2F190DD896}.Release|x64.Build.0 = Release|Any CPU
		{AF6C67C4-CC99-4F29-A26A-9A2F190DD896}.Release|x86.ActiveCfg = Release|Any CPU
		{AF6C67C4-CC99-4F29-A26A-9A2F190DD896}.Release|x86.Build.0 = Release|Any CPU
		{58811C57-F1FD-4EB4-8DBC-CF45422D1EC2}.Debug|Any CPU.ActiveCfg = Debug|Any CPU
		{58811C57-F1FD-4EB4-8DBC-CF45422D1EC2}.Debug|Any CPU.Build.0 = Debug|Any CPU
		{58811C57-F1FD-4EB4-8DBC-CF45422D1EC2}.Debug|x64.ActiveCfg = Debug|Any CPU
		{58811C57-F1FD-4EB4-8DBC-CF45422D1EC2}.Debug|x64.Build.0 = Debug|Any CPU
		{58811C57-F1FD-4EB4-8DBC-CF45422D1EC2}.Debug|x86.ActiveCfg = Debug|Any CPU
		{58811C57-F1FD-4EB4-8DBC-CF45422D1EC2}.Debug|x86.Build.0 = Debug|Any CPU
		{58811C57-F1FD-4EB4-8DBC-CF45422D1EC2}.Release|Any CPU.ActiveCfg = Release|Any CPU
		{58811C57-F1FD-4EB4-8DBC-CF45422D1EC2}.Release|Any CPU.Build.0 = Release|Any CPU
		{58811C57-F1FD-4EB4-8DBC-CF45422D1EC2}.Release|x64.ActiveCfg = Release|Any CPU
		{58811C57-F1FD-4EB4-8DBC-CF45422D1EC2}.Release|x64.Build.0 = Release|Any CPU
		{58811C57-F1FD-4EB4-8DBC-CF45422D1EC2}.Release|x86.ActiveCfg = Release|Any CPU
		{58811C57-F1FD-4EB4-8DBC-CF45422D1EC2}.Release|x86.Build.0 = Release|Any CPU
	EndGlobalSection
	GlobalSection(SolutionProperties) = preSolution
		HideSolutionNode = FALSE
	EndGlobalSection
	GlobalSection(NestedProjects) = preSolution
		{B91630AA-17F9-D70F-5854-2D192B312ECC} = {0C4F8F98-1D8C-A32A-CEB4-5D43268B28F8}
		{33945E46-AF8E-479F-A0E6-18F8CAC35463} = {B91630AA-17F9-D70F-5854-2D192B312ECC}
		{1CE53927-B2B4-7B11-CBC1-F7CA6035A5BF} = {0C4F8F98-1D8C-A32A-CEB4-5D43268B28F8}
		{D30FA6F4-C903-054C-6012-F08FB7D10764} = {1CE53927-B2B4-7B11-CBC1-F7CA6035A5BF}
		{BF884948-1AA7-4780-AFD2-2D0BF924200D} = {D30FA6F4-C903-054C-6012-F08FB7D10764}
		{B236E463-A102-44A4-B475-759311E9693C} = {D30FA6F4-C903-054C-6012-F08FB7D10764}
		{EC06DA5E-DBCB-46EC-B1F4-5341B5092101} = {D30FA6F4-C903-054C-6012-F08FB7D10764}
		{34FCC36A-0211-2934-C3D8-28BE5E3C1A6A} = {6C3E7805-4E31-B51E-D61E-1CE12ABD4A0A}
		{19DE68D5-ED85-441B-B6CE-947DF41F6F6D} = {34FCC36A-0211-2934-C3D8-28BE5E3C1A6A}
		{608E9A07-34F6-44C7-BB19-4214A5F1872E} = {34FCC36A-0211-2934-C3D8-28BE5E3C1A6A}
		{84AC056A-D6D9-B797-4AF4-EC89C66DBF5E} = {8300656F-623A-585B-BFB8-52239BD73D51}
		{AF6C67C4-CC99-4F29-A26A-9A2F190DD896} = {84AC056A-D6D9-B797-4AF4-EC89C66DBF5E}
		{C088DB75-0CCF-7D52-D610-D2D084F53346} = {D07C895E-20A6-0CB7-E9EA-2BBD0F6E483A}
		{58811C57-F1FD-4EB4-8DBC-CF45422D1EC2} = {C088DB75-0CCF-7D52-D610-D2D084F53346}
	EndGlobalSection
EndGlobal
